// !$*UTF8*$!
{
	archiveVersion = 1;
	classes = {
	};
	objectVersion = 56;
	objects = {

/* Begin PBXBuildFile section */
		F90113C829CAF96800062770 /* AppDelegate.swift in Sources */ = {isa = PBXBuildFile; fileRef = F90113C729CAF96800062770 /* AppDelegate.swift */; };
		F90113CA29CAF96800062770 /* SceneDelegate.swift in Sources */ = {isa = PBXBuildFile; fileRef = F90113C929CAF96800062770 /* SceneDelegate.swift */; };
		F90113CF29CAF96800062770 /* Main.storyboard in Resources */ = {isa = PBXBuildFile; fileRef = F90113CD29CAF96800062770 /* Main.storyboard */; };
		F90113D129CAF96800062770 /* Assets.xcassets in Resources */ = {isa = PBXBuildFile; fileRef = F90113D029CAF96800062770 /* Assets.xcassets */; };
		F90113D429CAF96800062770 /* LaunchScreen.storyboard in Resources */ = {isa = PBXBuildFile; fileRef = F90113D229CAF96800062770 /* LaunchScreen.storyboard */; };
		F90113E329CB00AE00062770 /* BigBang.json in Resources */ = {isa = PBXBuildFile; fileRef = F90113E229CB00AE00062770 /* BigBang.json */; };
		F90113E529CB025B00062770 /* EpisodeModel.swift in Sources */ = {isa = PBXBuildFile; fileRef = F90113E429CB025B00062770 /* EpisodeModel.swift */; };
		F90113E729CB02F700062770 /* EpisodeModelPersistence.swift in Sources */ = {isa = PBXBuildFile; fileRef = F90113E629CB02F700062770 /* EpisodeModelPersistence.swift */; };
		F90113E929CB046900062770 /* FavoriteModel.swift in Sources */ = {isa = PBXBuildFile; fileRef = F90113E829CB046900062770 /* FavoriteModel.swift */; };
		F90113EB29CB048600062770 /* FavoriteModelPersistence.swift in Sources */ = {isa = PBXBuildFile; fileRef = F90113EA29CB048600062770 /* FavoriteModelPersistence.swift */; };
		F90113ED29CB056A00062770 /* EpisodeModelLogic.swift in Sources */ = {isa = PBXBuildFile; fileRef = F90113EC29CB056A00062770 /* EpisodeModelLogic.swift */; };
		F90113EF29CB063F00062770 /* FavoriteModelLogic.swift in Sources */ = {isa = PBXBuildFile; fileRef = F90113EE29CB063F00062770 /* FavoriteModelLogic.swift */; };
		F90113F129CB0CBF00062770 /* EpisodesDiffableTableVC.swift in Sources */ = {isa = PBXBuildFile; fileRef = F90113F029CB0CBF00062770 /* EpisodesDiffableTableVC.swift */; };
		F90113F329CB0D5100062770 /* EpisodesDiffableDatasource.swift in Sources */ = {isa = PBXBuildFile; fileRef = F90113F229CB0D5100062770 /* EpisodesDiffableDatasource.swift */; };
		F90113F529CB0DE200062770 /* EpisodeViewLogic.swift in Sources */ = {isa = PBXBuildFile; fileRef = F90113F429CB0DE200062770 /* EpisodeViewLogic.swift */; };
		F90113F729CB0E6F00062770 /* ZeldaEpisodeCell.swift in Sources */ = {isa = PBXBuildFile; fileRef = F90113F629CB0E6F00062770 /* ZeldaEpisodeCell.swift */; };
		F90113FA29CB106900062770 /* Extensions.swift in Sources */ = {isa = PBXBuildFile; fileRef = F90113F929CB106900062770 /* Extensions.swift */; };
		F90113FC29CB1D2E00062770 /* ZeldaFavoriteCell.swift in Sources */ = {isa = PBXBuildFile; fileRef = F90113FB29CB1D2E00062770 /* ZeldaFavoriteCell.swift */; };
		F90113FF29CB1D5D00062770 /* Favorites.storyboard in Resources */ = {isa = PBXBuildFile; fileRef = F90113FD29CB1D5D00062770 /* Favorites.storyboard */; };
		F901140129CB204800062770 /* FavoritesCollectionVC.swift in Sources */ = {isa = PBXBuildFile; fileRef = F901140029CB204800062770 /* FavoritesCollectionVC.swift */; };
		F9721D5229CB779B00707FFE /* EpisodeDetailViewController.swift in Sources */ = {isa = PBXBuildFile; fileRef = F9721D5129CB779B00707FFE /* EpisodeDetailViewController.swift */; };
/* End PBXBuildFile section */

/* Begin PBXFileReference section */
		F90113C429CAF96800062770 /* BigBangApp.app */ = {isa = PBXFileReference; explicitFileType = wrapper.application; includeInIndex = 0; path = BigBangApp.app; sourceTree = BUILT_PRODUCTS_DIR; };
		F90113C729CAF96800062770 /* AppDelegate.swift */ = {isa = PBXFileReference; lastKnownFileType = sourcecode.swift; path = AppDelegate.swift; sourceTree = "<group>"; };
		F90113C929CAF96800062770 /* SceneDelegate.swift */ = {isa = PBXFileReference; lastKnownFileType = sourcecode.swift; path = SceneDelegate.swift; sourceTree = "<group>"; };
		F90113CE29CAF96800062770 /* Base */ = {isa = PBXFileReference; lastKnownFileType = file.storyboard; name = Base; path = Base.lproj/Main.storyboard; sourceTree = "<group>"; };
		F90113D029CAF96800062770 /* Assets.xcassets */ = {isa = PBXFileReference; lastKnownFileType = folder.assetcatalog; path = Assets.xcassets; sourceTree = "<group>"; };
		F90113D329CAF96800062770 /* Base */ = {isa = PBXFileReference; lastKnownFileType = file.storyboard; name = Base; path = Base.lproj/LaunchScreen.storyboard; sourceTree = "<group>"; };
		F90113D529CAF96800062770 /* Info.plist */ = {isa = PBXFileReference; lastKnownFileType = text.plist.xml; path = Info.plist; sourceTree = "<group>"; };
		F90113E229CB00AE00062770 /* BigBang.json */ = {isa = PBXFileReference; fileEncoding = 4; lastKnownFileType = text.json; path = BigBang.json; sourceTree = "<group>"; };
		F90113E429CB025B00062770 /* EpisodeModel.swift */ = {isa = PBXFileReference; lastKnownFileType = sourcecode.swift; path = EpisodeModel.swift; sourceTree = "<group>"; };
		F90113E629CB02F700062770 /* EpisodeModelPersistence.swift */ = {isa = PBXFileReference; lastKnownFileType = sourcecode.swift; path = EpisodeModelPersistence.swift; sourceTree = "<group>"; };
		F90113E829CB046900062770 /* FavoriteModel.swift */ = {isa = PBXFileReference; lastKnownFileType = sourcecode.swift; path = FavoriteModel.swift; sourceTree = "<group>"; };
		F90113EA29CB048600062770 /* FavoriteModelPersistence.swift */ = {isa = PBXFileReference; lastKnownFileType = sourcecode.swift; path = FavoriteModelPersistence.swift; sourceTree = "<group>"; };
		F90113EC29CB056A00062770 /* EpisodeModelLogic.swift */ = {isa = PBXFileReference; lastKnownFileType = sourcecode.swift; path = EpisodeModelLogic.swift; sourceTree = "<group>"; };
		F90113EE29CB063F00062770 /* FavoriteModelLogic.swift */ = {isa = PBXFileReference; lastKnownFileType = sourcecode.swift; path = FavoriteModelLogic.swift; sourceTree = "<group>"; };
		F90113F029CB0CBF00062770 /* EpisodesDiffableTableVC.swift */ = {isa = PBXFileReference; lastKnownFileType = sourcecode.swift; path = EpisodesDiffableTableVC.swift; sourceTree = "<group>"; };
		F90113F229CB0D5100062770 /* EpisodesDiffableDatasource.swift */ = {isa = PBXFileReference; lastKnownFileType = sourcecode.swift; path = EpisodesDiffableDatasource.swift; sourceTree = "<group>"; };
		F90113F429CB0DE200062770 /* EpisodeViewLogic.swift */ = {isa = PBXFileReference; lastKnownFileType = sourcecode.swift; path = EpisodeViewLogic.swift; sourceTree = "<group>"; };
		F90113F629CB0E6F00062770 /* ZeldaEpisodeCell.swift */ = {isa = PBXFileReference; lastKnownFileType = sourcecode.swift; path = ZeldaEpisodeCell.swift; sourceTree = "<group>"; };
		F90113F929CB106900062770 /* Extensions.swift */ = {isa = PBXFileReference; lastKnownFileType = sourcecode.swift; path = Extensions.swift; sourceTree = "<group>"; };
		F90113FB29CB1D2E00062770 /* ZeldaFavoriteCell.swift */ = {isa = PBXFileReference; lastKnownFileType = sourcecode.swift; path = ZeldaFavoriteCell.swift; sourceTree = "<group>"; };
		F90113FE29CB1D5D00062770 /* Base */ = {isa = PBXFileReference; lastKnownFileType = file.storyboard; name = Base; path = BigBangApp/Base.lproj/Favorites.storyboard; sourceTree = "<group>"; };
		F901140029CB204800062770 /* FavoritesCollectionVC.swift */ = {isa = PBXFileReference; lastKnownFileType = sourcecode.swift; path = FavoritesCollectionVC.swift; sourceTree = "<group>"; };
		F9721D5129CB779B00707FFE /* EpisodeDetailViewController.swift */ = {isa = PBXFileReference; lastKnownFileType = sourcecode.swift; path = EpisodeDetailViewController.swift; sourceTree = "<group>"; };
/* End PBXFileReference section */

/* Begin PBXFrameworksBuildPhase section */
		F90113C129CAF96800062770 /* Frameworks */ = {
			isa = PBXFrameworksBuildPhase;
			buildActionMask = 2147483647;
			files = (
			);
			runOnlyForDeploymentPostprocessing = 0;
		};
/* End PBXFrameworksBuildPhase section */

/* Begin PBXGroup section */
		F90113BB29CAF96800062770 = {
			isa = PBXGroup;
			children = (
				F90113C629CAF96800062770 /* BigBangApp */,
				F90113C529CAF96800062770 /* Products */,
			);
			sourceTree = "<group>";
		};
		F90113C529CAF96800062770 /* Products */ = {
			isa = PBXGroup;
			children = (
				F90113C429CAF96800062770 /* BigBangApp.app */,
			);
			name = Products;
			sourceTree = "<group>";
		};
		F90113C629CAF96800062770 /* BigBangApp */ = {
			isa = PBXGroup;
			children = (
				F90113E129CAF9CB00062770 /* View */,
				F90113E029CAF9BF00062770 /* Controller */,
				F90113DF29CAF9B900062770 /* Cells */,
				F90113DE29CAF9B000062770 /* Logic */,
				F90113DD29CAF9A700062770 /* Model */,
				F90113DC29CAF99700062770 /* Resources */,
				F90113F829CB105400062770 /* Helpers */,
				F90113DB29CAF98D00062770 /* system */,
			);
			path = BigBangApp;
			sourceTree = "<group>";
		};
		F90113DB29CAF98D00062770 /* system */ = {
			isa = PBXGroup;
			children = (
				F90113C729CAF96800062770 /* AppDelegate.swift */,
				F90113C929CAF96800062770 /* SceneDelegate.swift */,
				F90113D029CAF96800062770 /* Assets.xcassets */,
				F90113D229CAF96800062770 /* LaunchScreen.storyboard */,
				F90113D529CAF96800062770 /* Info.plist */,
			);
			name = system;
			sourceTree = "<group>";
		};
		F90113DC29CAF99700062770 /* Resources */ = {
			isa = PBXGroup;
			children = (
				F90113E229CB00AE00062770 /* BigBang.json */,
			);
			name = Resources;
			sourceTree = "<group>";
		};
		F90113DD29CAF9A700062770 /* Model */ = {
			isa = PBXGroup;
			children = (
				F90113E429CB025B00062770 /* EpisodeModel.swift */,
				F90113E629CB02F700062770 /* EpisodeModelPersistence.swift */,
				F90113E829CB046900062770 /* FavoriteModel.swift */,
				F90113EA29CB048600062770 /* FavoriteModelPersistence.swift */,
			);
			name = Model;
			sourceTree = "<group>";
		};
		F90113DE29CAF9B000062770 /* Logic */ = {
			isa = PBXGroup;
			children = (
				F90113EC29CB056A00062770 /* EpisodeModelLogic.swift */,
				F90113EE29CB063F00062770 /* FavoriteModelLogic.swift */,
				F90113F429CB0DE200062770 /* EpisodeViewLogic.swift */,
			);
			name = Logic;
			sourceTree = "<group>";
		};
		F90113DF29CAF9B900062770 /* Cells */ = {
			isa = PBXGroup;
			children = (
				F90113F629CB0E6F00062770 /* ZeldaEpisodeCell.swift */,
				F90113FB29CB1D2E00062770 /* ZeldaFavoriteCell.swift */,
			);
			name = Cells;
			sourceTree = "<group>";
		};
		F90113E029CAF9BF00062770 /* Controller */ = {
			isa = PBXGroup;
			children = (
				F90113F029CB0CBF00062770 /* EpisodesDiffableTableVC.swift */,
				F90113F229CB0D5100062770 /* EpisodesDiffableDatasource.swift */,
				F901140029CB204800062770 /* FavoritesCollectionVC.swift */,
				F9721D5129CB779B00707FFE /* EpisodeDetailViewController.swift */,
			);
			name = Controller;
			sourceTree = "<group>";
		};
		F90113E129CAF9CB00062770 /* View */ = {
			isa = PBXGroup;
			children = (
				F90113FD29CB1D5D00062770 /* Favorites.storyboard */,
				F90113CD29CAF96800062770 /* Main.storyboard */,
			);
			name = View;
			sourceTree = "<group>";
		};
		F90113F829CB105400062770 /* Helpers */ = {
			isa = PBXGroup;
			children = (
				F90113F929CB106900062770 /* Extensions.swift */,
			);
			name = Helpers;
			sourceTree = "<group>";
		};
/* End PBXGroup section */

/* Begin PBXNativeTarget section */
		F90113C329CAF96800062770 /* BigBangApp */ = {
			isa = PBXNativeTarget;
			buildConfigurationList = F90113D829CAF96800062770 /* Build configuration list for PBXNativeTarget "BigBangApp" */;
			buildPhases = (
				F90113C029CAF96800062770 /* Sources */,
				F90113C129CAF96800062770 /* Frameworks */,
				F90113C229CAF96800062770 /* Resources */,
			);
			buildRules = (
			);
			dependencies = (
			);
			name = BigBangApp;
			productName = BigBangApp;
			productReference = F90113C429CAF96800062770 /* BigBangApp.app */;
			productType = "com.apple.product-type.application";
		};
/* End PBXNativeTarget section */

/* Begin PBXProject section */
		F90113BC29CAF96800062770 /* Project object */ = {
			isa = PBXProject;
			attributes = {
				BuildIndependentTargetsInParallel = 1;
				LastSwiftUpdateCheck = 1420;
				LastUpgradeCheck = 1420;
				TargetAttributes = {
					F90113C329CAF96800062770 = {
						CreatedOnToolsVersion = 14.2;
					};
				};
			};
			buildConfigurationList = F90113BF29CAF96800062770 /* Build configuration list for PBXProject "BigBangApp" */;
			compatibilityVersion = "Xcode 14.0";
			developmentRegion = en;
			hasScannedForEncodings = 0;
			knownRegions = (
				en,
				Base,
			);
			mainGroup = F90113BB29CAF96800062770;
			productRefGroup = F90113C529CAF96800062770 /* Products */;
			projectDirPath = "";
			projectRoot = "";
			targets = (
				F90113C329CAF96800062770 /* BigBangApp */,
			);
		};
/* End PBXProject section */

/* Begin PBXResourcesBuildPhase section */
		F90113C229CAF96800062770 /* Resources */ = {
			isa = PBXResourcesBuildPhase;
			buildActionMask = 2147483647;
			files = (
				F90113D429CAF96800062770 /* LaunchScreen.storyboard in Resources */,
				F90113D129CAF96800062770 /* Assets.xcassets in Resources */,
				F90113E329CB00AE00062770 /* BigBang.json in Resources */,
				F90113CF29CAF96800062770 /* Main.storyboard in Resources */,
				F90113FF29CB1D5D00062770 /* Favorites.storyboard in Resources */,
			);
			runOnlyForDeploymentPostprocessing = 0;
		};
/* End PBXResourcesBuildPhase section */

/* Begin PBXSourcesBuildPhase section */
		F90113C029CAF96800062770 /* Sources */ = {
			isa = PBXSourcesBuildPhase;
			buildActionMask = 2147483647;
			files = (
				F90113F329CB0D5100062770 /* EpisodesDiffableDatasource.swift in Sources */,
				F90113C829CAF96800062770 /* AppDelegate.swift in Sources */,
				F90113ED29CB056A00062770 /* EpisodeModelLogic.swift in Sources */,
				F90113F529CB0DE200062770 /* EpisodeViewLogic.swift in Sources */,
				F90113E729CB02F700062770 /* EpisodeModelPersistence.swift in Sources */,
				F9721D5229CB779B00707FFE /* EpisodeDetailViewController.swift in Sources */,
				F90113CA29CAF96800062770 /* SceneDelegate.swift in Sources */,
				F90113F129CB0CBF00062770 /* EpisodesDiffableTableVC.swift in Sources */,
				F90113E529CB025B00062770 /* EpisodeModel.swift in Sources */,
				F90113FA29CB106900062770 /* Extensions.swift in Sources */,
				F90113E929CB046900062770 /* FavoriteModel.swift in Sources */,
				F90113FC29CB1D2E00062770 /* ZeldaFavoriteCell.swift in Sources */,
				F90113EB29CB048600062770 /* FavoriteModelPersistence.swift in Sources */,
				F90113F729CB0E6F00062770 /* ZeldaEpisodeCell.swift in Sources */,
				F90113EF29CB063F00062770 /* FavoriteModelLogic.swift in Sources */,
				F901140129CB204800062770 /* FavoritesCollectionVC.swift in Sources */,
			);
			runOnlyForDeploymentPostprocessing = 0;
		};
/* End PBXSourcesBuildPhase section */

/* Begin PBXVariantGroup section */
		F90113CD29CAF96800062770 /* Main.storyboard */ = {
			isa = PBXVariantGroup;
			children = (
				F90113CE29CAF96800062770 /* Base */,
			);
			name = Main.storyboard;
			sourceTree = "<group>";
		};
		F90113D229CAF96800062770 /* LaunchScreen.storyboard */ = {
			isa = PBXVariantGroup;
			children = (
				F90113D329CAF96800062770 /* Base */,
			);
			name = LaunchScreen.storyboard;
			sourceTree = "<group>";
		};
		F90113FD29CB1D5D00062770 /* Favorites.storyboard */ = {
			isa = PBXVariantGroup;
			children = (
				F90113FE29CB1D5D00062770 /* Base */,
			);
			name = Favorites.storyboard;
			sourceTree = "<group>";
		};
/* End PBXVariantGroup section */

/* Begin XCBuildConfiguration section */
		F90113D629CAF96800062770 /* Debug */ = {
			isa = XCBuildConfiguration;
			buildSettings = {
				ALWAYS_SEARCH_USER_PATHS = NO;
				CLANG_ANALYZER_NONNULL = YES;
				CLANG_ANALYZER_NUMBER_OBJECT_CONVERSION = YES_AGGRESSIVE;
				CLANG_CXX_LANGUAGE_STANDARD = "gnu++20";
				CLANG_ENABLE_MODULES = YES;
				CLANG_ENABLE_OBJC_ARC = YES;
				CLANG_ENABLE_OBJC_WEAK = YES;
				CLANG_WARN_BLOCK_CAPTURE_AUTORELEASING = YES;
				CLANG_WARN_BOOL_CONVERSION = YES;
				CLANG_WARN_COMMA = YES;
				CLANG_WARN_CONSTANT_CONVERSION = YES;
				CLANG_WARN_DEPRECATED_OBJC_IMPLEMENTATIONS = YES;
				CLANG_WARN_DIRECT_OBJC_ISA_USAGE = YES_ERROR;
				CLANG_WARN_DOCUMENTATION_COMMENTS = YES;
				CLANG_WARN_EMPTY_BODY = YES;
				CLANG_WARN_ENUM_CONVERSION = YES;
				CLANG_WARN_INFINITE_RECURSION = YES;
				CLANG_WARN_INT_CONVERSION = YES;
				CLANG_WARN_NON_LITERAL_NULL_CONVERSION = YES;
				CLANG_WARN_OBJC_IMPLICIT_RETAIN_SELF = YES;
				CLANG_WARN_OBJC_LITERAL_CONVERSION = YES;
				CLANG_WARN_OBJC_ROOT_CLASS = YES_ERROR;
				CLANG_WARN_QUOTED_INCLUDE_IN_FRAMEWORK_HEADER = YES;
				CLANG_WARN_RANGE_LOOP_ANALYSIS = YES;
				CLANG_WARN_STRICT_PROTOTYPES = YES;
				CLANG_WARN_SUSPICIOUS_MOVE = YES;
				CLANG_WARN_UNGUARDED_AVAILABILITY = YES_AGGRESSIVE;
				CLANG_WARN_UNREACHABLE_CODE = YES;
				CLANG_WARN__DUPLICATE_METHOD_MATCH = YES;
				COPY_PHASE_STRIP = NO;
				DEBUG_INFORMATION_FORMAT = dwarf;
				ENABLE_STRICT_OBJC_MSGSEND = YES;
				ENABLE_TESTABILITY = YES;
				GCC_C_LANGUAGE_STANDARD = gnu11;
				GCC_DYNAMIC_NO_PIC = NO;
				GCC_NO_COMMON_BLOCKS = YES;
				GCC_OPTIMIZATION_LEVEL = 0;
				GCC_PREPROCESSOR_DEFINITIONS = (
					"DEBUG=1",
					"$(inherited)",
				);
				GCC_WARN_64_TO_32_BIT_CONVERSION = YES;
				GCC_WARN_ABOUT_RETURN_TYPE = YES_ERROR;
				GCC_WARN_UNDECLARED_SELECTOR = YES;
				GCC_WARN_UNINITIALIZED_AUTOS = YES_AGGRESSIVE;
				GCC_WARN_UNUSED_FUNCTION = YES;
				GCC_WARN_UNUSED_VARIABLE = YES;
				IPHONEOS_DEPLOYMENT_TARGET = 16.2;
				MTL_ENABLE_DEBUG_INFO = INCLUDE_SOURCE;
				MTL_FAST_MATH = YES;
				ONLY_ACTIVE_ARCH = YES;
				SDKROOT = iphoneos;
				SWIFT_ACTIVE_COMPILATION_CONDITIONS = DEBUG;
				SWIFT_OPTIMIZATION_LEVEL = "-Onone";
			};
			name = Debug;
		};
		F90113D729CAF96800062770 /* Release */ = {
			isa = XCBuildConfiguration;
			buildSettings = {
				ALWAYS_SEARCH_USER_PATHS = NO;
				CLANG_ANALYZER_NONNULL = YES;
				CLANG_ANALYZER_NUMBER_OBJECT_CONVERSION = YES_AGGRESSIVE;
				CLANG_CXX_LANGUAGE_STANDARD = "gnu++20";
				CLANG_ENABLE_MODULES = YES;
				CLANG_ENABLE_OBJC_ARC = YES;
				CLANG_ENABLE_OBJC_WEAK = YES;
				CLANG_WARN_BLOCK_CAPTURE_AUTORELEASING = YES;
				CLANG_WARN_BOOL_CONVERSION = YES;
				CLANG_WARN_COMMA = YES;
				CLANG_WARN_CONSTANT_CONVERSION = YES;
				CLANG_WARN_DEPRECATED_OBJC_IMPLEMENTATIONS = YES;
				CLANG_WARN_DIRECT_OBJC_ISA_USAGE = YES_ERROR;
				CLANG_WARN_DOCUMENTATION_COMMENTS = YES;
				CLANG_WARN_EMPTY_BODY = YES;
				CLANG_WARN_ENUM_CONVERSION = YES;
				CLANG_WARN_INFINITE_RECURSION = YES;
				CLANG_WARN_INT_CONVERSION = YES;
				CLANG_WARN_NON_LITERAL_NULL_CONVERSION = YES;
				CLANG_WARN_OBJC_IMPLICIT_RETAIN_SELF = YES;
				CLANG_WARN_OBJC_LITERAL_CONVERSION = YES;
				CLANG_WARN_OBJC_ROOT_CLASS = YES_ERROR;
				CLANG_WARN_QUOTED_INCLUDE_IN_FRAMEWORK_HEADER = YES;
				CLANG_WARN_RANGE_LOOP_ANALYSIS = YES;
				CLANG_WARN_STRICT_PROTOTYPES = YES;
				CLANG_WARN_SUSPICIOUS_MOVE = YES;
				CLANG_WARN_UNGUARDED_AVAILABILITY = YES_AGGRESSIVE;
				CLANG_WARN_UNREACHABLE_CODE = YES;
				CLANG_WARN__DUPLICATE_METHOD_MATCH = YES;
				COPY_PHASE_STRIP = NO;
				DEBUG_INFORMATION_FORMAT = "dwarf-with-dsym";
				ENABLE_NS_ASSERTIONS = NO;
				ENABLE_STRICT_OBJC_MSGSEND = YES;
				GCC_C_LANGUAGE_STANDARD = gnu11;
				GCC_NO_COMMON_BLOCKS = YES;
				GCC_WARN_64_TO_32_BIT_CONVERSION = YES;
				GCC_WARN_ABOUT_RETURN_TYPE = YES_ERROR;
				GCC_WARN_UNDECLARED_SELECTOR = YES;
				GCC_WARN_UNINITIALIZED_AUTOS = YES_AGGRESSIVE;
				GCC_WARN_UNUSED_FUNCTION = YES;
				GCC_WARN_UNUSED_VARIABLE = YES;
				IPHONEOS_DEPLOYMENT_TARGET = 16.2;
				MTL_ENABLE_DEBUG_INFO = NO;
				MTL_FAST_MATH = YES;
				SDKROOT = iphoneos;
				SWIFT_COMPILATION_MODE = wholemodule;
				SWIFT_OPTIMIZATION_LEVEL = "-O";
				VALIDATE_PRODUCT = YES;
			};
			name = Release;
		};
		F90113D929CAF96800062770 /* Debug */ = {
			isa = XCBuildConfiguration;
			buildSettings = {
				ASSETCATALOG_COMPILER_APPICON_NAME = AppIcon;
				ASSETCATALOG_COMPILER_GLOBAL_ACCENT_COLOR_NAME = AccentColor;
				CODE_SIGN_STYLE = Automatic;
				CURRENT_PROJECT_VERSION = 1;
				DEVELOPMENT_TEAM = N9HCL8S8K9;
				GENERATE_INFOPLIST_FILE = YES;
				INFOPLIST_FILE = BigBangApp/Info.plist;
				INFOPLIST_KEY_UIApplicationSupportsIndirectInputEvents = YES;
				INFOPLIST_KEY_UILaunchStoryboardName = LaunchScreen;
				INFOPLIST_KEY_UIMainStoryboardFile = Main;
				INFOPLIST_KEY_UISupportedInterfaceOrientations_iPad = "UIInterfaceOrientationPortrait UIInterfaceOrientationPortraitUpsideDown UIInterfaceOrientationLandscapeLeft UIInterfaceOrientationLandscapeRight";
				INFOPLIST_KEY_UISupportedInterfaceOrientations_iPhone = "UIInterfaceOrientationPortrait UIInterfaceOrientationLandscapeLeft UIInterfaceOrientationLandscapeRight";
				LD_RUNPATH_SEARCH_PATHS = (
					"$(inherited)",
					"@executable_path/Frameworks",
				);
				MARKETING_VERSION = 1.0;
				PRODUCT_BUNDLE_IDENTIFIER = com.javieretxarri.BigBangApp;
				PRODUCT_NAME = "$(TARGET_NAME)";
				SWIFT_EMIT_LOC_STRINGS = YES;
				SWIFT_VERSION = 5.0;
				TARGETED_DEVICE_FAMILY = "1,2";
			};
			name = Debug;
		};
		F90113DA29CAF96800062770 /* Release */ = {
			isa = XCBuildConfiguration;
			buildSettings = {
				ASSETCATALOG_COMPILER_APPICON_NAME = AppIcon;
				ASSETCATALOG_COMPILER_GLOBAL_ACCENT_COLOR_NAME = AccentColor;
				CODE_SIGN_STYLE = Automatic;
				CURRENT_PROJECT_VERSION = 1;
				DEVELOPMENT_TEAM = N9HCL8S8K9;
				GENERATE_INFOPLIST_FILE = YES;
				INFOPLIST_FILE = BigBangApp/Info.plist;
				INFOPLIST_KEY_UIApplicationSupportsIndirectInputEvents = YES;
				INFOPLIST_KEY_UILaunchStoryboardName = LaunchScreen;
				INFOPLIST_KEY_UIMainStoryboardFile = Main;
				INFOPLIST_KEY_UISupportedInterfaceOrientations_iPad = "UIInterfaceOrientationPortrait UIInterfaceOrientationPortraitUpsideDown UIInterfaceOrientationLandscapeLeft UIInterfaceOrientationLandscapeRight";
				INFOPLIST_KEY_UISupportedInterfaceOrientations_iPhone = "UIInterfaceOrientationPortrait UIInterfaceOrientationLandscapeLeft UIInterfaceOrientationLandscapeRight";
				LD_RUNPATH_SEARCH_PATHS = (
					"$(inherited)",
					"@executable_path/Frameworks",
				);
				MARKETING_VERSION = 1.0;
				PRODUCT_BUNDLE_IDENTIFIER = com.javieretxarri.BigBangApp;
				PRODUCT_NAME = "$(TARGET_NAME)";
				SWIFT_EMIT_LOC_STRINGS = YES;
				SWIFT_VERSION = 5.0;
				TARGETED_DEVICE_FAMILY = "1,2";
			};
			name = Release;
		};
/* End XCBuildConfiguration section */

/* Begin XCConfigurationList section */
		F90113BF29CAF96800062770 /* Build configuration list for PBXProject "BigBangApp" */ = {
			isa = XCConfigurationList;
			buildConfigurations = (
				F90113D629CAF96800062770 /* Debug */,
				F90113D729CAF96800062770 /* Release */,
			);
			defaultConfigurationIsVisible = 0;
			defaultConfigurationName = Release;
		};
		F90113D829CAF96800062770 /* Build configuration list for PBXNativeTarget "BigBangApp" */ = {
			isa = XCConfigurationList;
			buildConfigurations = (
				F90113D929CAF96800062770 /* Debug */,
				F90113DA29CAF96800062770 /* Release */,
			);
			defaultConfigurationIsVisible = 0;
			defaultConfigurationName = Release;
		};
/* End XCConfigurationList section */
	};
	rootObject = F90113BC29CAF96800062770 /* Project object */;
}
